symfony 462f93ad12c0916b51dbcaaec5b46349b2c96826
twig v1.8.2
monolog 1.0.2
doctrine-common 2.1.4
doctrine-dbal 2.1.7
doctrine 2.1.7
swiftmailer v4.2.0
assetic v1.0.3
twig-extensions v1.0.0-alpha
metadata 1.0.0
SensioFrameworkExtraBundle v2.0.17
JMSSecurityExtraBundle e752f888c51425f71382c056961f10f2be642102
SensioDistributionBundle v2.0.17
SensioGeneratorBundle v2.0.17
AsseticBundle 6f15728c1aefa5246caa83730e3dbf70b0d46052
FOSUserBundle v1.2.4
BCCExtraToolsBundle 5054efe77710f89b3bdaab19db7822bebf8e7847
Imagine v0.2.0
LiipImagineBundle fddd850395fea776fa12501d9da41b049f719ad8
